
Microsoft Visual Studio Solution File, Format Version 12.00
# Visual Studio Version 16
VisualStudioVersion = 16.0.32901.82
MinimumVisualStudioVersion = 10.0.40219.1
Project("{FAE04EC0-301F-11D3-BF4B-00C04F79EFBC}") = "WeaponDammageCalculator", "WeaponDammageCalculator\WeaponDammageCalculator.csproj", "{B4C74766-BBC2-42A6-8F30-A79B57FBE8D6}"
EndProject
Global
	GlobalSection(SolutionConfigurationPlatforms) = preSolution
		Debug|Any CPU = Debug|Any CPU
		Release|Any CPU = Release|Any CPU
	EndGlobalSection
	GlobalSection(ProjectConfigurationPlatforms) = postSolution
		{B4C74766-BBC2-42A6-8F30-A79B57FBE8D6}.Debug|Any CPU.ActiveCfg = Debug|Any CPU
		{B4C74766-BBC2-42A6-8F30-A79B57FBE8D6}.Debug|Any CPU.Build.0 = Debug|Any CPU
		{B4C74766-BBC2-42A6-8F30-A79B57FBE8D6}.Release|Any CPU.ActiveCfg = Release|Any CPU
		{B4C74766-BBC2-42A6-8F30-A79B57FBE8D6}.Release|Any CPU.Build.0 = Release|Any CPU
	EndGlobalSection
	GlobalSection(SolutionProperties) = preSolution
		HideSolutionNode = FALSE
	EndGlobalSection
	GlobalSection(ExtensibilityGlobals) = postSolution
		SolutionGuid = {65EFBA45-0978-4D35-884B-26831F2A6DC9}
	EndGlobalSection
EndGlobal
